
Microsoft Visual Studio Solution File, Format Version 12.00
# Visual Studio Version 16
VisualStudioVersion = 16.0.30309.148
MinimumVisualStudioVersion = 10.0.40219.1
Project("{9A19103F-16F7-4668-BE54-9A1E7A4F7556}") = "GoalballAnalysisSystem.Domain", "GoalballAnalysisSystem.Domain\GoalballAnalysisSystem.Domain.csproj", "{345A24C4-4FC6-4405-92EA-9B29C5B975FD}"
EndProject
Project("{9A19103F-16F7-4668-BE54-9A1E7A4F7556}") = "GoalballAnalysisSystem.EntityFramework", "GoalballAnalysisSystem.EntityFramework\GoalballAnalysisSystem.EntityFramework.csproj", "{ABF6AB72-866F-4D2F-9F0C-C7F2620C9F86}"
EndProject
Project("{9A19103F-16F7-4668-BE54-9A1E7A4F7556}") = "GoalballAnalysisSystem.WPF", "GoalballAnalysisSystem.WPF\GoalballAnalysisSystem.WPF.csproj", "{2A6768B7-09E9-4559-88AE-AF148ED8A441}"
EndProject
Global
	GlobalSection(SolutionConfigurationPlatforms) = preSolution
		Debug|Any CPU = Debug|Any CPU
		Release|Any CPU = Release|Any CPU
	EndGlobalSection
	GlobalSection(ProjectConfigurationPlatforms) = postSolution
		{345A24C4-4FC6-4405-92EA-9B29C5B975FD}.Debug|Any CPU.ActiveCfg = Debug|Any CPU
		{345A24C4-4FC6-4405-92EA-9B29C5B975FD}.Debug|Any CPU.Build.0 = Debug|Any CPU
		{345A24C4-4FC6-4405-92EA-9B29C5B975FD}.Release|Any CPU.ActiveCfg = Release|Any CPU
		{345A24C4-4FC6-4405-92EA-9B29C5B975FD}.Release|Any CPU.Build.0 = Release|Any CPU
		{ABF6AB72-866F-4D2F-9F0C-C7F2620C9F86}.Debug|Any CPU.ActiveCfg = Debug|Any CPU
		{ABF6AB72-866F-4D2F-9F0C-C7F2620C9F86}.Debug|Any CPU.Build.0 = Debug|Any CPU
		{ABF6AB72-866F-4D2F-9F0C-C7F2620C9F86}.Release|Any CPU.ActiveCfg = Release|Any CPU
		{ABF6AB72-866F-4D2F-9F0C-C7F2620C9F86}.Release|Any CPU.Build.0 = Release|Any CPU
		{2A6768B7-09E9-4559-88AE-AF148ED8A441}.Debug|Any CPU.ActiveCfg = Debug|Any CPU
		{2A6768B7-09E9-4559-88AE-AF148ED8A441}.Debug|Any CPU.Build.0 = Debug|Any CPU
		{2A6768B7-09E9-4559-88AE-AF148ED8A441}.Release|Any CPU.ActiveCfg = Release|Any CPU
		{2A6768B7-09E9-4559-88AE-AF148ED8A441}.Release|Any CPU.Build.0 = Release|Any CPU
	EndGlobalSection
	GlobalSection(SolutionProperties) = preSolution
		HideSolutionNode = FALSE
	EndGlobalSection
	GlobalSection(ExtensibilityGlobals) = postSolution
		SolutionGuid = {47747CAB-D730-4EDC-BA0E-794122CBA2E5}
	EndGlobalSection
EndGlobal
