
Microsoft Visual Studio Solution File, Format Version 12.00
# Visual Studio Version 16
VisualStudioVersion = 16.0.30309.148
MinimumVisualStudioVersion = 10.0.40219.1
Project("{9A19103F-16F7-4668-BE54-9A1E7A4F7556}") = "GoalballAnalysisSystem.WPF", "GoalballAnalysisSystem.WPF\GoalballAnalysisSystem.WPF.csproj", "{B61037A3-E0AE-4291-A98D-AAA1B0D69A1E}"
EndProject
Project("{9A19103F-16F7-4668-BE54-9A1E7A4F7556}") = "GoalballAnalysisSystem.API", "GoalballAnalysisSystem.API\GoalballAnalysisSystem.API.csproj", "{95E256F5-EFDE-40C4-80BC-2D61C1C1DCB6}"
EndProject
Project("{9A19103F-16F7-4668-BE54-9A1E7A4F7556}") = "GoalballAnalysisSystem.API.Tests", "GoalballAnalysisSystem.API.Tests\GoalballAnalysisSystem.API.Tests.csproj", "{275DC6A7-2CFA-4C2B-9F6B-13CBF461FCE6}"
EndProject
Project("{9A19103F-16F7-4668-BE54-9A1E7A4F7556}") = "GoalballAnalysisSystem.GameProcessing", "GoalballAnalysisSystem.GameProcessing\GoalballAnalysisSystem.GameProcessing.csproj", "{94F5E4A3-A23B-4309-B34C-D1F607B88157}"
EndProject
Project("{9A19103F-16F7-4668-BE54-9A1E7A4F7556}") = "GoalballAnalysisSystem.GameProcessing.Developer.WPF", "GoalballAnalysisSystem.GameProcessing.Developer.WPF\GoalballAnalysisSystem.GameProcessing.Developer.WPF.csproj", "{19A5EAA9-CFBE-433D-96DF-482A68E236F1}"
EndProject
Project("{9A19103F-16F7-4668-BE54-9A1E7A4F7556}") = "GoalballAnalysisSystem.API.Contracts", "GoalballAnalysisSystem.API.Contracts\GoalballAnalysisSystem.API.Contracts.csproj", "{92C3C586-A2BF-4DCA-A2C4-12F78181E1D2}"
EndProject
Project("{9A19103F-16F7-4668-BE54-9A1E7A4F7556}") = "GoalballAnalysisSystem.WPF.Tests", "GoalballAnalysisSystem.WPF.Tests\GoalballAnalysisSystem.WPF.Tests.csproj", "{38DBCD0C-DDE5-4D81-A873-A906D7F045F9}"
EndProject
Global
	GlobalSection(SolutionConfigurationPlatforms) = preSolution
		Debug|Any CPU = Debug|Any CPU
		Release|Any CPU = Release|Any CPU
	EndGlobalSection
	GlobalSection(ProjectConfigurationPlatforms) = postSolution
		{B61037A3-E0AE-4291-A98D-AAA1B0D69A1E}.Debug|Any CPU.ActiveCfg = Debug|Any CPU
		{B61037A3-E0AE-4291-A98D-AAA1B0D69A1E}.Debug|Any CPU.Build.0 = Debug|Any CPU
		{B61037A3-E0AE-4291-A98D-AAA1B0D69A1E}.Release|Any CPU.ActiveCfg = Release|Any CPU
		{B61037A3-E0AE-4291-A98D-AAA1B0D69A1E}.Release|Any CPU.Build.0 = Release|Any CPU
		{95E256F5-EFDE-40C4-80BC-2D61C1C1DCB6}.Debug|Any CPU.ActiveCfg = Debug|Any CPU
		{95E256F5-EFDE-40C4-80BC-2D61C1C1DCB6}.Debug|Any CPU.Build.0 = Debug|Any CPU
		{95E256F5-EFDE-40C4-80BC-2D61C1C1DCB6}.Release|Any CPU.ActiveCfg = Release|Any CPU
		{95E256F5-EFDE-40C4-80BC-2D61C1C1DCB6}.Release|Any CPU.Build.0 = Release|Any CPU
		{275DC6A7-2CFA-4C2B-9F6B-13CBF461FCE6}.Debug|Any CPU.ActiveCfg = Debug|Any CPU
		{275DC6A7-2CFA-4C2B-9F6B-13CBF461FCE6}.Debug|Any CPU.Build.0 = Debug|Any CPU
		{275DC6A7-2CFA-4C2B-9F6B-13CBF461FCE6}.Release|Any CPU.ActiveCfg = Release|Any CPU
		{275DC6A7-2CFA-4C2B-9F6B-13CBF461FCE6}.Release|Any CPU.Build.0 = Release|Any CPU
		{94F5E4A3-A23B-4309-B34C-D1F607B88157}.Debug|Any CPU.ActiveCfg = Debug|Any CPU
		{94F5E4A3-A23B-4309-B34C-D1F607B88157}.Debug|Any CPU.Build.0 = Debug|Any CPU
		{94F5E4A3-A23B-4309-B34C-D1F607B88157}.Release|Any CPU.ActiveCfg = Release|Any CPU
		{94F5E4A3-A23B-4309-B34C-D1F607B88157}.Release|Any CPU.Build.0 = Release|Any CPU
		{19A5EAA9-CFBE-433D-96DF-482A68E236F1}.Debug|Any CPU.ActiveCfg = Debug|Any CPU
		{19A5EAA9-CFBE-433D-96DF-482A68E236F1}.Debug|Any CPU.Build.0 = Debug|Any CPU
		{19A5EAA9-CFBE-433D-96DF-482A68E236F1}.Release|Any CPU.ActiveCfg = Release|Any CPU
		{19A5EAA9-CFBE-433D-96DF-482A68E236F1}.Release|Any CPU.Build.0 = Release|Any CPU
		{92C3C586-A2BF-4DCA-A2C4-12F78181E1D2}.Debug|Any CPU.ActiveCfg = Debug|Any CPU
		{92C3C586-A2BF-4DCA-A2C4-12F78181E1D2}.Debug|Any CPU.Build.0 = Debug|Any CPU
		{92C3C586-A2BF-4DCA-A2C4-12F78181E1D2}.Release|Any CPU.ActiveCfg = Release|Any CPU
		{92C3C586-A2BF-4DCA-A2C4-12F78181E1D2}.Release|Any CPU.Build.0 = Release|Any CPU
		{38DBCD0C-DDE5-4D81-A873-A906D7F045F9}.Debug|Any CPU.ActiveCfg = Debug|Any CPU
		{38DBCD0C-DDE5-4D81-A873-A906D7F045F9}.Debug|Any CPU.Build.0 = Debug|Any CPU
		{38DBCD0C-DDE5-4D81-A873-A906D7F045F9}.Release|Any CPU.ActiveCfg = Release|Any CPU
		{38DBCD0C-DDE5-4D81-A873-A906D7F045F9}.Release|Any CPU.Build.0 = Release|Any CPU
	EndGlobalSection
	GlobalSection(SolutionProperties) = preSolution
		HideSolutionNode = FALSE
	EndGlobalSection
	GlobalSection(ExtensibilityGlobals) = postSolution
		SolutionGuid = {47747CAB-D730-4EDC-BA0E-794122CBA2E5}
	EndGlobalSection
EndGlobal
