
Microsoft Visual Studio Solution File, Format Version 12.00
# Visual Studio Version 16
VisualStudioVersion = 16.0.30309.148
MinimumVisualStudioVersion = 10.0.40219.1
Project("{9A19103F-16F7-4668-BE54-9A1E7A4F7556}") = "GoalballAnalysisSystem.Domain", "GoalballAnalysisSystem.Domain\GoalballAnalysisSystem.Domain.csproj", "{86A67310-7873-42EE-99F7-9A4705C701DA}"
EndProject
Project("{9A19103F-16F7-4668-BE54-9A1E7A4F7556}") = "GoalballAnalysisSystem.EntityFramework", "GoalballAnalysisSystem.EntityFramework\GoalballAnalysisSystem.EntityFramework.csproj", "{050A04E4-52EA-4B76-8469-E2439518FF2E}"
EndProject
Project("{9A19103F-16F7-4668-BE54-9A1E7A4F7556}") = "GoalballAnalysisSystem.WPF", "GoalballAnalysisSystem.WPF\GoalballAnalysisSystem.WPF.csproj", "{B61037A3-E0AE-4291-A98D-AAA1B0D69A1E}"
EndProject
Global
	GlobalSection(SolutionConfigurationPlatforms) = preSolution
		Debug|Any CPU = Debug|Any CPU
		Release|Any CPU = Release|Any CPU
	EndGlobalSection
	GlobalSection(ProjectConfigurationPlatforms) = postSolution
		{86A67310-7873-42EE-99F7-9A4705C701DA}.Debug|Any CPU.ActiveCfg = Debug|Any CPU
		{86A67310-7873-42EE-99F7-9A4705C701DA}.Debug|Any CPU.Build.0 = Debug|Any CPU
		{86A67310-7873-42EE-99F7-9A4705C701DA}.Release|Any CPU.ActiveCfg = Release|Any CPU
		{86A67310-7873-42EE-99F7-9A4705C701DA}.Release|Any CPU.Build.0 = Release|Any CPU
		{050A04E4-52EA-4B76-8469-E2439518FF2E}.Debug|Any CPU.ActiveCfg = Debug|Any CPU
		{050A04E4-52EA-4B76-8469-E2439518FF2E}.Debug|Any CPU.Build.0 = Debug|Any CPU
		{050A04E4-52EA-4B76-8469-E2439518FF2E}.Release|Any CPU.ActiveCfg = Release|Any CPU
		{050A04E4-52EA-4B76-8469-E2439518FF2E}.Release|Any CPU.Build.0 = Release|Any CPU
		{B61037A3-E0AE-4291-A98D-AAA1B0D69A1E}.Debug|Any CPU.ActiveCfg = Debug|Any CPU
		{B61037A3-E0AE-4291-A98D-AAA1B0D69A1E}.Debug|Any CPU.Build.0 = Debug|Any CPU
		{B61037A3-E0AE-4291-A98D-AAA1B0D69A1E}.Release|Any CPU.ActiveCfg = Release|Any CPU
		{B61037A3-E0AE-4291-A98D-AAA1B0D69A1E}.Release|Any CPU.Build.0 = Release|Any CPU
	EndGlobalSection
	GlobalSection(SolutionProperties) = preSolution
		HideSolutionNode = FALSE
	EndGlobalSection
	GlobalSection(ExtensibilityGlobals) = postSolution
		SolutionGuid = {47747CAB-D730-4EDC-BA0E-794122CBA2E5}
	EndGlobalSection
EndGlobal
